// !$*UTF8*$!
{
	archiveVersion = 1;
	classes = {
	};
	objectVersion = 46;
	objects = {

/* Begin PBXBuildFile section */
		9279622F1D27087E004AF29D /* AppDelegate.swift in Sources */ = {isa = PBXBuildFile; fileRef = 9279622E1D27087E004AF29D /* AppDelegate.swift */; };
		927962311D27087E004AF29D /* RecorSoundsViewController.swift in Sources */ = {isa = PBXBuildFile; fileRef = 927962301D27087E004AF29D /* RecorSoundsViewController.swift */; };
		927962341D27087E004AF29D /* Main.storyboard in Resources */ = {isa = PBXBuildFile; fileRef = 927962321D27087E004AF29D /* Main.storyboard */; };
		927962361D27087E004AF29D /* Assets.xcassets in Resources */ = {isa = PBXBuildFile; fileRef = 927962351D27087E004AF29D /* Assets.xcassets */; };
		927962391D27087E004AF29D /* LaunchScreen.storyboard in Resources */ = {isa = PBXBuildFile; fileRef = 927962371D27087E004AF29D /* LaunchScreen.storyboard */; };
		927962441D27087E004AF29D /* PitchPerfectTests.swift in Sources */ = {isa = PBXBuildFile; fileRef = 927962431D27087E004AF29D /* PitchPerfectTests.swift */; };
		9279624F1D27087E004AF29D /* PitchPerfectUITests.swift in Sources */ = {isa = PBXBuildFile; fileRef = 9279624E1D27087E004AF29D /* PitchPerfectUITests.swift */; };
		9279625D1D270FA1004AF29D /* PlaySoundsViewController.swift in Sources */ = {isa = PBXBuildFile; fileRef = 9279625C1D270FA1004AF29D /* PlaySoundsViewController.swift */; };
		927962611D2E2362004AF29D /* PlaySoundsViewController+Audio.swift in Sources */ = {isa = PBXBuildFile; fileRef = 927962601D2E2362004AF29D /* PlaySoundsViewController+Audio.swift */; };
/* End PBXBuildFile section */

/* Begin PBXContainerItemProxy section */
		927962401D27087E004AF29D /* PBXContainerItemProxy */ = {
			isa = PBXContainerItemProxy;
			containerPortal = 927962231D27087E004AF29D /* Project object */;
			proxyType = 1;
			remoteGlobalIDString = 9279622A1D27087E004AF29D;
			remoteInfo = PitchPerfect;
		};
		9279624B1D27087E004AF29D /* PBXContainerItemProxy */ = {
			isa = PBXContainerItemProxy;
			containerPortal = 927962231D27087E004AF29D /* Project object */;
			proxyType = 1;
			remoteGlobalIDString = 9279622A1D27087E004AF29D;
			remoteInfo = PitchPerfect;
		};
/* End PBXContainerItemProxy section */

/* Begin PBXFileReference section */
		9279622B1D27087E004AF29D /* PitchPerfect.app */ = {isa = PBXFileReference; explicitFileType = wrapper.application; includeInIndex = 0; path = PitchPerfect.app; sourceTree = BUILT_PRODUCTS_DIR; };
		9279622E1D27087E004AF29D /* AppDelegate.swift */ = {isa = PBXFileReference; lastKnownFileType = sourcecode.swift; path = AppDelegate.swift; sourceTree = "<group>"; };
		927962301D27087E004AF29D /* RecorSoundsViewController.swift */ = {isa = PBXFileReference; lastKnownFileType = sourcecode.swift; path = RecorSoundsViewController.swift; sourceTree = "<group>"; };
		927962331D27087E004AF29D /* Base */ = {isa = PBXFileReference; lastKnownFileType = file.storyboard; name = Base; path = Base.lproj/Main.storyboard; sourceTree = "<group>"; };
		927962351D27087E004AF29D /* Assets.xcassets */ = {isa = PBXFileReference; lastKnownFileType = folder.assetcatalog; path = Assets.xcassets; sourceTree = "<group>"; };
		927962381D27087E004AF29D /* Base */ = {isa = PBXFileReference; lastKnownFileType = file.storyboard; name = Base; path = Base.lproj/LaunchScreen.storyboard; sourceTree = "<group>"; };
		9279623A1D27087E004AF29D /* Info.plist */ = {isa = PBXFileReference; lastKnownFileType = text.plist.xml; path = Info.plist; sourceTree = "<group>"; };
		9279623F1D27087E004AF29D /* PitchPerfectTests.xctest */ = {isa = PBXFileReference; explicitFileType = wrapper.cfbundle; includeInIndex = 0; path = PitchPerfectTests.xctest; sourceTree = BUILT_PRODUCTS_DIR; };
		927962431D27087E004AF29D /* PitchPerfectTests.swift */ = {isa = PBXFileReference; lastKnownFileType = sourcecode.swift; path = PitchPerfectTests.swift; sourceTree = "<group>"; };
		927962451D27087E004AF29D /* Info.plist */ = {isa = PBXFileReference; lastKnownFileType = text.plist.xml; path = Info.plist; sourceTree = "<group>"; };
		9279624A1D27087E004AF29D /* PitchPerfectUITests.xctest */ = {isa = PBXFileReference; explicitFileType = wrapper.cfbundle; includeInIndex = 0; path = PitchPerfectUITests.xctest; sourceTree = BUILT_PRODUCTS_DIR; };
		9279624E1D27087E004AF29D /* PitchPerfectUITests.swift */ = {isa = PBXFileReference; lastKnownFileType = sourcecode.swift; path = PitchPerfectUITests.swift; sourceTree = "<group>"; };
		927962501D27087E004AF29D /* Info.plist */ = {isa = PBXFileReference; lastKnownFileType = text.plist.xml; path = Info.plist; sourceTree = "<group>"; };
		9279625C1D270FA1004AF29D /* PlaySoundsViewController.swift */ = {isa = PBXFileReference; fileEncoding = 4; lastKnownFileType = sourcecode.swift; path = PlaySoundsViewController.swift; sourceTree = "<group>"; };
		927962601D2E2362004AF29D /* PlaySoundsViewController+Audio.swift */ = {isa = PBXFileReference; fileEncoding = 4; lastKnownFileType = sourcecode.swift; path = "PlaySoundsViewController+Audio.swift"; sourceTree = "<group>"; };
/* End PBXFileReference section */

/* Begin PBXFrameworksBuildPhase section */
		927962281D27087E004AF29D /* Frameworks */ = {
			isa = PBXFrameworksBuildPhase;
			buildActionMask = 2147483647;
			files = (
			);
			runOnlyForDeploymentPostprocessing = 0;
		};
		9279623C1D27087E004AF29D /* Frameworks */ = {
			isa = PBXFrameworksBuildPhase;
			buildActionMask = 2147483647;
			files = (
			);
			runOnlyForDeploymentPostprocessing = 0;
		};
		927962471D27087E004AF29D /* Frameworks */ = {
			isa = PBXFrameworksBuildPhase;
			buildActionMask = 2147483647;
			files = (
			);
			runOnlyForDeploymentPostprocessing = 0;
		};
/* End PBXFrameworksBuildPhase section */

/* Begin PBXGroup section */
		927962221D27087E004AF29D = {
			isa = PBXGroup;
			children = (
				9279622D1D27087E004AF29D /* PitchPerfect */,
				927962421D27087E004AF29D /* PitchPerfectTests */,
				9279624D1D27087E004AF29D /* PitchPerfectUITests */,
				9279622C1D27087E004AF29D /* Products */,
			);
			sourceTree = "<group>";
		};
		9279622C1D27087E004AF29D /* Products */ = {
			isa = PBXGroup;
			children = (
				9279622B1D27087E004AF29D /* PitchPerfect.app */,
				9279623F1D27087E004AF29D /* PitchPerfectTests.xctest */,
				9279624A1D27087E004AF29D /* PitchPerfectUITests.xctest */,
			);
			name = Products;
			sourceTree = "<group>";
		};
		9279622D1D27087E004AF29D /* PitchPerfect */ = {
			isa = PBXGroup;
			children = (
				9279622E1D27087E004AF29D /* AppDelegate.swift */,
				927962301D27087E004AF29D /* RecorSoundsViewController.swift */,
				9279625C1D270FA1004AF29D /* PlaySoundsViewController.swift */,
				927962601D2E2362004AF29D /* PlaySoundsViewController+Audio.swift */,
				927962321D27087E004AF29D /* Main.storyboard */,
				927962351D27087E004AF29D /* Assets.xcassets */,
				927962371D27087E004AF29D /* LaunchScreen.storyboard */,
				9279623A1D27087E004AF29D /* Info.plist */,
			);
			path = PitchPerfect;
			sourceTree = "<group>";
		};
		927962421D27087E004AF29D /* PitchPerfectTests */ = {
			isa = PBXGroup;
			children = (
				927962431D27087E004AF29D /* PitchPerfectTests.swift */,
				927962451D27087E004AF29D /* Info.plist */,
			);
			path = PitchPerfectTests;
			sourceTree = "<group>";
		};
		9279624D1D27087E004AF29D /* PitchPerfectUITests */ = {
			isa = PBXGroup;
			children = (
				9279624E1D27087E004AF29D /* PitchPerfectUITests.swift */,
				927962501D27087E004AF29D /* Info.plist */,
			);
			path = PitchPerfectUITests;
			sourceTree = "<group>";
		};
/* End PBXGroup section */

/* Begin PBXNativeTarget section */
		9279622A1D27087E004AF29D /* PitchPerfect */ = {
			isa = PBXNativeTarget;
			buildConfigurationList = 927962531D27087E004AF29D /* Build configuration list for PBXNativeTarget "PitchPerfect" */;
			buildPhases = (
				927962271D27087E004AF29D /* Sources */,
				927962281D27087E004AF29D /* Frameworks */,
				927962291D27087E004AF29D /* Resources */,
			);
			buildRules = (
			);
			dependencies = (
			);
			name = PitchPerfect;
			productName = PitchPerfect;
			productReference = 9279622B1D27087E004AF29D /* PitchPerfect.app */;
			productType = "com.apple.product-type.application";
		};
		9279623E1D27087E004AF29D /* PitchPerfectTests */ = {
			isa = PBXNativeTarget;
			buildConfigurationList = 927962561D27087E004AF29D /* Build configuration list for PBXNativeTarget "PitchPerfectTests" */;
			buildPhases = (
				9279623B1D27087E004AF29D /* Sources */,
				9279623C1D27087E004AF29D /* Frameworks */,
				9279623D1D27087E004AF29D /* Resources */,
			);
			buildRules = (
			);
			dependencies = (
				927962411D27087E004AF29D /* PBXTargetDependency */,
			);
			name = PitchPerfectTests;
			productName = PitchPerfectTests;
			productReference = 9279623F1D27087E004AF29D /* PitchPerfectTests.xctest */;
			productType = "com.apple.product-type.bundle.unit-test";
		};
		927962491D27087E004AF29D /* PitchPerfectUITests */ = {
			isa = PBXNativeTarget;
			buildConfigurationList = 927962591D27087E004AF29D /* Build configuration list for PBXNativeTarget "PitchPerfectUITests" */;
			buildPhases = (
				927962461D27087E004AF29D /* Sources */,
				927962471D27087E004AF29D /* Frameworks */,
				927962481D27087E004AF29D /* Resources */,
			);
			buildRules = (
			);
			dependencies = (
				9279624C1D27087E004AF29D /* PBXTargetDependency */,
			);
			name = PitchPerfectUITests;
			productName = PitchPerfectUITests;
			productReference = 9279624A1D27087E004AF29D /* PitchPerfectUITests.xctest */;
			productType = "com.apple.product-type.bundle.ui-testing";
		};
/* End PBXNativeTarget section */

/* Begin PBXProject section */
		927962231D27087E004AF29D /* Project object */ = {
			isa = PBXProject;
			attributes = {
				LastSwiftUpdateCheck = 0730;
				LastUpgradeCheck = 0730;
				ORGANIZATIONNAME = "Zach Fiorito";
				TargetAttributes = {
					9279622A1D27087E004AF29D = {
						CreatedOnToolsVersion = 7.3.1;
						DevelopmentTeam = TWAP4HX52A;
					};
					9279623E1D27087E004AF29D = {
						CreatedOnToolsVersion = 7.3.1;
						DevelopmentTeam = TWAP4HX52A;
						TestTargetID = 9279622A1D27087E004AF29D;
					};
					927962491D27087E004AF29D = {
						CreatedOnToolsVersion = 7.3.1;
						DevelopmentTeam = TWAP4HX52A;
						TestTargetID = 9279622A1D27087E004AF29D;
					};
				};
			};
			buildConfigurationList = 927962261D27087E004AF29D /* Build configuration list for PBXProject "PitchPerfect" */;
			compatibilityVersion = "Xcode 3.2";
			developmentRegion = English;
			hasScannedForEncodings = 0;
			knownRegions = (
				en,
				Base,
			);
			mainGroup = 927962221D27087E004AF29D;
			productRefGroup = 9279622C1D27087E004AF29D /* Products */;
			projectDirPath = "";
			projectRoot = "";
			targets = (
				9279622A1D27087E004AF29D /* PitchPerfect */,
				9279623E1D27087E004AF29D /* PitchPerfectTests */,
				927962491D27087E004AF29D /* PitchPerfectUITests */,
			);
		};
/* End PBXProject section */

/* Begin PBXResourcesBuildPhase section */
		927962291D27087E004AF29D /* Resources */ = {
			isa = PBXResourcesBuildPhase;
			buildActionMask = 2147483647;
			files = (
				927962391D27087E004AF29D /* LaunchScreen.storyboard in Resources */,
				927962361D27087E004AF29D /* Assets.xcassets in Resources */,
				927962341D27087E004AF29D /* Main.storyboard in Resources */,
			);
			runOnlyForDeploymentPostprocessing = 0;
		};
		9279623D1D27087E004AF29D /* Resources */ = {
			isa = PBXResourcesBuildPhase;
			buildActionMask = 2147483647;
			files = (
			);
			runOnlyForDeploymentPostprocessing = 0;
		};
		927962481D27087E004AF29D /* Resources */ = {
			isa = PBXResourcesBuildPhase;
			buildActionMask = 2147483647;
			files = (
			);
			runOnlyForDeploymentPostprocessing = 0;
		};
/* End PBXResourcesBuildPhase section */

/* Begin PBXSourcesBuildPhase section */
		927962271D27087E004AF29D /* Sources */ = {
			isa = PBXSourcesBuildPhase;
			buildActionMask = 2147483647;
			files = (
				927962311D27087E004AF29D /* RecorSoundsViewController.swift in Sources */,
				927962611D2E2362004AF29D /* PlaySoundsViewController+Audio.swift in Sources */,
				9279625D1D270FA1004AF29D /* PlaySoundsViewController.swift in Sources */,
				9279622F1D27087E004AF29D /* AppDelegate.swift in Sources */,
			);
			runOnlyForDeploymentPostprocessing = 0;
		};
		9279623B1D27087E004AF29D /* Sources */ = {
			isa = PBXSourcesBuildPhase;
			buildActionMask = 2147483647;
			files = (
				927962441D27087E004AF29D /* PitchPerfectTests.swift in Sources */,
			);
			runOnlyForDeploymentPostprocessing = 0;
		};
		927962461D27087E004AF29D /* Sources */ = {
			isa = PBXSourcesBuildPhase;
			buildActionMask = 2147483647;
			files = (
				9279624F1D27087E004AF29D /* PitchPerfectUITests.swift in Sources */,
			);
			runOnlyForDeploymentPostprocessing = 0;
		};
/* End PBXSourcesBuildPhase section */

/* Begin PBXTargetDependency section */
		927962411D27087E004AF29D /* PBXTargetDependency */ = {
			isa = PBXTargetDependency;
			target = 9279622A1D27087E004AF29D /* PitchPerfect */;
			targetProxy = 927962401D27087E004AF29D /* PBXContainerItemProxy */;
		};
		9279624C1D27087E004AF29D /* PBXTargetDependency */ = {
			isa = PBXTargetDependency;
			target = 9279622A1D27087E004AF29D /* PitchPerfect */;
			targetProxy = 9279624B1D27087E004AF29D /* PBXContainerItemProxy */;
		};
/* End PBXTargetDependency section */

/* Begin PBXVariantGroup section */
		927962321D27087E004AF29D /* Main.storyboard */ = {
			isa = PBXVariantGroup;
			children = (
				927962331D27087E004AF29D /* Base */,
			);
			name = Main.storyboard;
			sourceTree = "<group>";
		};
		927962371D27087E004AF29D /* LaunchScreen.storyboard */ = {
			isa = PBXVariantGroup;
			children = (
				927962381D27087E004AF29D /* Base */,
			);
			name = LaunchScreen.storyboard;
			sourceTree = "<group>";
		};
/* End PBXVariantGroup section */

/* Begin XCBuildConfiguration section */
		927962511D27087E004AF29D /* Debug */ = {
			isa = XCBuildConfiguration;
			buildSettings = {
				ALWAYS_SEARCH_USER_PATHS = NO;
				CLANG_ANALYZER_NONNULL = YES;
				CLANG_CXX_LANGUAGE_STANDARD = "gnu++0x";
				CLANG_CXX_LIBRARY = "libc++";
				CLANG_ENABLE_MODULES = YES;
				CLANG_ENABLE_OBJC_ARC = YES;
				CLANG_WARN_BOOL_CONVERSION = YES;
				CLANG_WARN_CONSTANT_CONVERSION = YES;
				CLANG_WARN_DIRECT_OBJC_ISA_USAGE = YES_ERROR;
				CLANG_WARN_EMPTY_BODY = YES;
				CLANG_WARN_ENUM_CONVERSION = YES;
				CLANG_WARN_INT_CONVERSION = YES;
				CLANG_WARN_OBJC_ROOT_CLASS = YES_ERROR;
				CLANG_WARN_UNREACHABLE_CODE = YES;
				CLANG_WARN__DUPLICATE_METHOD_MATCH = YES;
				"CODE_SIGN_IDENTITY[sdk=iphoneos*]" = "iPhone Developer";
				COPY_PHASE_STRIP = NO;
				DEBUG_INFORMATION_FORMAT = dwarf;
				ENABLE_STRICT_OBJC_MSGSEND = YES;
				ENABLE_TESTABILITY = YES;
				GCC_C_LANGUAGE_STANDARD = gnu99;
				GCC_DYNAMIC_NO_PIC = NO;
				GCC_NO_COMMON_BLOCKS = YES;
				GCC_OPTIMIZATION_LEVEL = 0;
				GCC_PREPROCESSOR_DEFINITIONS = (
					"DEBUG=1",
					"$(inherited)",
				);
				GCC_WARN_64_TO_32_BIT_CONVERSION = YES;
				GCC_WARN_ABOUT_RETURN_TYPE = YES_ERROR;
				GCC_WARN_UNDECLARED_SELECTOR = YES;
				GCC_WARN_UNINITIALIZED_AUTOS = YES_AGGRESSIVE;
				GCC_WARN_UNUSED_FUNCTION = YES;
				GCC_WARN_UNUSED_VARIABLE = YES;
				IPHONEOS_DEPLOYMENT_TARGET = 9.3;
				MTL_ENABLE_DEBUG_INFO = YES;
				ONLY_ACTIVE_ARCH = YES;
				SDKROOT = iphoneos;
				SWIFT_OPTIMIZATION_LEVEL = "-Onone";
				TARGETED_DEVICE_FAMILY = "1,2";
			};
			name = Debug;
		};
		927962521D27087E004AF29D /* Release */ = {
			isa = XCBuildConfiguration;
			buildSettings = {
				ALWAYS_SEARCH_USER_PATHS = NO;
				CLANG_ANALYZER_NONNULL = YES;
				CLANG_CXX_LANGUAGE_STANDARD = "gnu++0x";
				CLANG_CXX_LIBRARY = "libc++";
				CLANG_ENABLE_MODULES = YES;
				CLANG_ENABLE_OBJC_ARC = YES;
				CLANG_WARN_BOOL_CONVERSION = YES;
				CLANG_WARN_CONSTANT_CONVERSION = YES;
				CLANG_WARN_DIRECT_OBJC_ISA_USAGE = YES_ERROR;
				CLANG_WARN_EMPTY_BODY = YES;
				CLANG_WARN_ENUM_CONVERSION = YES;
				CLANG_WARN_INT_CONVERSION = YES;
				CLANG_WARN_OBJC_ROOT_CLASS = YES_ERROR;
				CLANG_WARN_UNREACHABLE_CODE = YES;
				CLANG_WARN__DUPLICATE_METHOD_MATCH = YES;
				"CODE_SIGN_IDENTITY[sdk=iphoneos*]" = "iPhone Developer";
				COPY_PHASE_STRIP = NO;
				DEBUG_INFORMATION_FORMAT = "dwarf-with-dsym";
				ENABLE_NS_ASSERTIONS = NO;
				ENABLE_STRICT_OBJC_MSGSEND = YES;
				GCC_C_LANGUAGE_STANDARD = gnu99;
				GCC_NO_COMMON_BLOCKS = YES;
				GCC_WARN_64_TO_32_BIT_CONVERSION = YES;
				GCC_WARN_ABOUT_RETURN_TYPE = YES_ERROR;
				GCC_WARN_UNDECLARED_SELECTOR = YES;
				GCC_WARN_UNINITIALIZED_AUTOS = YES_AGGRESSIVE;
				GCC_WARN_UNUSED_FUNCTION = YES;
				GCC_WARN_UNUSED_VARIABLE = YES;
				IPHONEOS_DEPLOYMENT_TARGET = 9.3;
				MTL_ENABLE_DEBUG_INFO = NO;
				SDKROOT = iphoneos;
				TARGETED_DEVICE_FAMILY = "1,2";
				VALIDATE_PRODUCT = YES;
			};
			name = Release;
		};
		927962541D27087E004AF29D /* Debug */ = {
			isa = XCBuildConfiguration;
			buildSettings = {
				ASSETCATALOG_COMPILER_APPICON_NAME = AppIcon;
				INFOPLIST_FILE = PitchPerfect/Info.plist;
				LD_RUNPATH_SEARCH_PATHS = "$(inherited) @executable_path/Frameworks";
				PRODUCT_BUNDLE_IDENTIFIER = xyz.zachfrito.udacity.PitchPerfect;
				PRODUCT_NAME = "$(TARGET_NAME)";
			};
			name = Debug;
		};
		927962551D27087E004AF29D /* Release */ = {
			isa = XCBuildConfiguration;
			buildSettings = {
				ASSETCATALOG_COMPILER_APPICON_NAME = AppIcon;
				INFOPLIST_FILE = PitchPerfect/Info.plist;
				LD_RUNPATH_SEARCH_PATHS = "$(inherited) @executable_path/Frameworks";
				PRODUCT_BUNDLE_IDENTIFIER = xyz.zachfrito.udacity.PitchPerfect;
				PRODUCT_NAME = "$(TARGET_NAME)";
			};
			name = Release;
		};
		927962571D27087E004AF29D /* Debug */ = {
			isa = XCBuildConfiguration;
			buildSettings = {
				BUNDLE_LOADER = "$(TEST_HOST)";
				INFOPLIST_FILE = PitchPerfectTests/Info.plist;
				LD_RUNPATH_SEARCH_PATHS = "$(inherited) @executable_path/Frameworks @loader_path/Frameworks";
				PRODUCT_BUNDLE_IDENTIFIER = xyz.zachfrito.udacity.PitchPerfectTests;
				PRODUCT_NAME = "$(TARGET_NAME)";
				TEST_HOST = "$(BUILT_PRODUCTS_DIR)/PitchPerfect.app/PitchPerfect";
			};
			name = Debug;
		};
		927962581D27087E004AF29D /* Release */ = {
			isa = XCBuildConfiguration;
			buildSettings = {
				BUNDLE_LOADER = "$(TEST_HOST)";
				INFOPLIST_FILE = PitchPerfectTests/Info.plist;
				LD_RUNPATH_SEARCH_PATHS = "$(inherited) @executable_path/Frameworks @loader_path/Frameworks";
				PRODUCT_BUNDLE_IDENTIFIER = xyz.zachfrito.udacity.PitchPerfectTests;
				PRODUCT_NAME = "$(TARGET_NAME)";
				TEST_HOST = "$(BUILT_PRODUCTS_DIR)/PitchPerfect.app/PitchPerfect";
			};
			name = Release;
		};
		9279625A1D27087E004AF29D /* Debug */ = {
			isa = XCBuildConfiguration;
			buildSettings = {
				INFOPLIST_FILE = PitchPerfectUITests/Info.plist;
				LD_RUNPATH_SEARCH_PATHS = "$(inherited) @executable_path/Frameworks @loader_path/Frameworks";
				PRODUCT_BUNDLE_IDENTIFIER = xyz.zachfrito.udacity.PitchPerfectUITests;
				PRODUCT_NAME = "$(TARGET_NAME)";
				TEST_TARGET_NAME = PitchPerfect;
			};
			name = Debug;
		};
		9279625B1D27087E004AF29D /* Release */ = {
			isa = XCBuildConfiguration;
			buildSettings = {
				INFOPLIST_FILE = PitchPerfectUITests/Info.plist;
				LD_RUNPATH_SEARCH_PATHS = "$(inherited) @executable_path/Frameworks @loader_path/Frameworks";
				PRODUCT_BUNDLE_IDENTIFIER = xyz.zachfrito.udacity.PitchPerfectUITests;
				PRODUCT_NAME = "$(TARGET_NAME)";
				TEST_TARGET_NAME = PitchPerfect;
			};
			name = Release;
		};
/* End XCBuildConfiguration section */

/* Begin XCConfigurationList section */
		927962261D27087E004AF29D /* Build configuration list for PBXProject "PitchPerfect" */ = {
			isa = XCConfigurationList;
			buildConfigurations = (
				927962511D27087E004AF29D /* Debug */,
				927962521D27087E004AF29D /* Release */,
			);
			defaultConfigurationIsVisible = 0;
			defaultConfigurationName = Release;
		};
		927962531D27087E004AF29D /* Build configuration list for PBXNativeTarget "PitchPerfect" */ = {
			isa = XCConfigurationList;
			buildConfigurations = (
				927962541D27087E004AF29D /* Debug */,
				927962551D27087E004AF29D /* Release */,
			);
			defaultConfigurationIsVisible = 0;
			defaultConfigurationName = Release;
		};
		927962561D27087E004AF29D /* Build configuration list for PBXNativeTarget "PitchPerfectTests" */ = {
			isa = XCConfigurationList;
			buildConfigurations = (
				927962571D27087E004AF29D /* Debug */,
				927962581D27087E004AF29D /* Release */,
			);
			defaultConfigurationIsVisible = 0;
			defaultConfigurationName = Release;
		};
		927962591D27087E004AF29D /* Build configuration list for PBXNativeTarget "PitchPerfectUITests" */ = {
			isa = XCConfigurationList;
			buildConfigurations = (
				9279625A1D27087E004AF29D /* Debug */,
				9279625B1D27087E004AF29D /* Release */,
			);
			defaultConfigurationIsVisible = 0;
			defaultConfigurationName = Release;
		};
/* End XCConfigurationList section */
	};
	rootObject = 927962231D27087E004AF29D /* Project object */;
}
